// !$*UTF8*$!
{
	archiveVersion = 1;
	classes = {
	};
	objectVersion = 55;
	objects = {

/* Begin PBXBuildFile section */
		9201267128AC58AC00E8258A /* CeldaProgramaTableViewCell.swift in Sources */ = {isa = PBXBuildFile; fileRef = 9201266F28AC58AC00E8258A /* CeldaProgramaTableViewCell.swift */; };
		9201267228AC58AC00E8258A /* CeldaProgramaTableViewCell.xib in Resources */ = {isa = PBXBuildFile; fileRef = 9201267028AC58AC00E8258A /* CeldaProgramaTableViewCell.xib */; };
		9201267428AC6B8800E8258A /* DetailViewController.swift in Sources */ = {isa = PBXBuildFile; fileRef = 9201267328AC6B8800E8258A /* DetailViewController.swift */; };
		9201267628AC706000E8258A /* Programa.swift in Sources */ = {isa = PBXBuildFile; fileRef = 9201267528AC706000E8258A /* Programa.swift */; };
		9290FBCD28AC2BF600A5BB50 /* AppDelegate.swift in Sources */ = {isa = PBXBuildFile; fileRef = 9290FBCC28AC2BF600A5BB50 /* AppDelegate.swift */; };
		9290FBCF28AC2BF600A5BB50 /* SceneDelegate.swift in Sources */ = {isa = PBXBuildFile; fileRef = 9290FBCE28AC2BF600A5BB50 /* SceneDelegate.swift */; };
		9290FBD128AC2BF600A5BB50 /* ListViewViewController.swift in Sources */ = {isa = PBXBuildFile; fileRef = 9290FBD028AC2BF600A5BB50 /* ListViewViewController.swift */; };
		9290FBD428AC2BF600A5BB50 /* Main.storyboard in Resources */ = {isa = PBXBuildFile; fileRef = 9290FBD228AC2BF600A5BB50 /* Main.storyboard */; };
		9290FBD728AC2BF600A5BB50 /* AppTVFinal.xcdatamodeld in Sources */ = {isa = PBXBuildFile; fileRef = 9290FBD528AC2BF600A5BB50 /* AppTVFinal.xcdatamodeld */; };
		9290FBDC28AC2BF800A5BB50 /* LaunchScreen.storyboard in Resources */ = {isa = PBXBuildFile; fileRef = 9290FBDA28AC2BF800A5BB50 /* LaunchScreen.storyboard */; };
		9290FBE428AC2C0800A5BB50 /* Shows.swift in Sources */ = {isa = PBXBuildFile; fileRef = 9290FBE328AC2C0800A5BB50 /* Shows.swift */; };
		9293039F28AEC24C009C5370 /* Assets.xcassets in Resources */ = {isa = PBXBuildFile; fileRef = 9293039E28AEC24C009C5370 /* Assets.xcassets */; };
		9293041228AEDE0D009C5370 /* Comments.txt in Resources */ = {isa = PBXBuildFile; fileRef = 9293041128AEDE0D009C5370 /* Comments.txt */; };
		9295FC5328AD390D00A12108 /* FavoritosViewController.swift in Sources */ = {isa = PBXBuildFile; fileRef = 9295FC5228AD390D00A12108 /* FavoritosViewController.swift */; };
		9295FC5528AD3C5F00A12108 /* User.swift in Sources */ = {isa = PBXBuildFile; fileRef = 9295FC5428AD3C5F00A12108 /* User.swift */; };
		9295FC5728AD3D3D00A12108 /* DatabaseHandler.swift in Sources */ = {isa = PBXBuildFile; fileRef = 9295FC5628AD3D3D00A12108 /* DatabaseHandler.swift */; };
		9295FC5928AD62E400A12108 /* ApiHandler.swift in Sources */ = {isa = PBXBuildFile; fileRef = 9295FC5828AD62E400A12108 /* ApiHandler.swift */; };
		9295FC5B28AD69F200A12108 /* userModelServer.swift in Sources */ = {isa = PBXBuildFile; fileRef = 9295FC5A28AD69F200A12108 /* userModelServer.swift */; };
/* End PBXBuildFile section */

/* Begin PBXFileReference section */
		9201266F28AC58AC00E8258A /* CeldaProgramaTableViewCell.swift */ = {isa = PBXFileReference; lastKnownFileType = sourcecode.swift; path = CeldaProgramaTableViewCell.swift; sourceTree = "<group>"; };
		9201267028AC58AC00E8258A /* CeldaProgramaTableViewCell.xib */ = {isa = PBXFileReference; lastKnownFileType = file.xib; path = CeldaProgramaTableViewCell.xib; sourceTree = "<group>"; };
		9201267328AC6B8800E8258A /* DetailViewController.swift */ = {isa = PBXFileReference; lastKnownFileType = sourcecode.swift; path = DetailViewController.swift; sourceTree = "<group>"; };
		9201267528AC706000E8258A /* Programa.swift */ = {isa = PBXFileReference; lastKnownFileType = sourcecode.swift; path = Programa.swift; sourceTree = "<group>"; };
		9290FBC928AC2BF600A5BB50 /* AppTVFinal.app */ = {isa = PBXFileReference; explicitFileType = wrapper.application; includeInIndex = 0; path = AppTVFinal.app; sourceTree = BUILT_PRODUCTS_DIR; };
		9290FBCC28AC2BF600A5BB50 /* AppDelegate.swift */ = {isa = PBXFileReference; lastKnownFileType = sourcecode.swift; path = AppDelegate.swift; sourceTree = "<group>"; };
		9290FBCE28AC2BF600A5BB50 /* SceneDelegate.swift */ = {isa = PBXFileReference; lastKnownFileType = sourcecode.swift; path = SceneDelegate.swift; sourceTree = "<group>"; };
		9290FBD028AC2BF600A5BB50 /* ListViewViewController.swift */ = {isa = PBXFileReference; lastKnownFileType = sourcecode.swift; path = ListViewViewController.swift; sourceTree = "<group>"; };
		9290FBD328AC2BF600A5BB50 /* Base */ = {isa = PBXFileReference; lastKnownFileType = file.storyboard; name = Base; path = Base.lproj/Main.storyboard; sourceTree = "<group>"; };
		9290FBD628AC2BF600A5BB50 /* AppTVFinal.xcdatamodel */ = {isa = PBXFileReference; lastKnownFileType = wrapper.xcdatamodel; path = AppTVFinal.xcdatamodel; sourceTree = "<group>"; };
		9290FBDB28AC2BF800A5BB50 /* Base */ = {isa = PBXFileReference; lastKnownFileType = file.storyboard; name = Base; path = Base.lproj/LaunchScreen.storyboard; sourceTree = "<group>"; };
		9290FBDD28AC2BF800A5BB50 /* Info.plist */ = {isa = PBXFileReference; lastKnownFileType = text.plist.xml; path = Info.plist; sourceTree = "<group>"; };
		9290FBE328AC2C0800A5BB50 /* Shows.swift */ = {isa = PBXFileReference; lastKnownFileType = sourcecode.swift; path = Shows.swift; sourceTree = "<group>"; };
		9293039E28AEC24C009C5370 /* Assets.xcassets */ = {isa = PBXFileReference; lastKnownFileType = folder.assetcatalog; path = Assets.xcassets; sourceTree = "<group>"; };
		9293041128AEDE0D009C5370 /* Comments.txt */ = {isa = PBXFileReference; lastKnownFileType = text; path = Comments.txt; sourceTree = "<group>"; };
		9295FC5228AD390D00A12108 /* FavoritosViewController.swift */ = {isa = PBXFileReference; lastKnownFileType = sourcecode.swift; path = FavoritosViewController.swift; sourceTree = "<group>"; };
		9295FC5428AD3C5F00A12108 /* User.swift */ = {isa = PBXFileReference; lastKnownFileType = sourcecode.swift; path = User.swift; sourceTree = "<group>"; };
		9295FC5628AD3D3D00A12108 /* DatabaseHandler.swift */ = {isa = PBXFileReference; lastKnownFileType = sourcecode.swift; path = DatabaseHandler.swift; sourceTree = "<group>"; };
		9295FC5828AD62E400A12108 /* ApiHandler.swift */ = {isa = PBXFileReference; lastKnownFileType = sourcecode.swift; path = ApiHandler.swift; sourceTree = "<group>"; };
		9295FC5A28AD69F200A12108 /* userModelServer.swift */ = {isa = PBXFileReference; lastKnownFileType = sourcecode.swift; path = userModelServer.swift; sourceTree = "<group>"; };
/* End PBXFileReference section */

/* Begin PBXFrameworksBuildPhase section */
		9290FBC628AC2BF600A5BB50 /* Frameworks */ = {
			isa = PBXFrameworksBuildPhase;
			buildActionMask = 2147483647;
			files = (
			);
			runOnlyForDeploymentPostprocessing = 0;
		};
/* End PBXFrameworksBuildPhase section */

/* Begin PBXGroup section */
		9290FBC028AC2BF600A5BB50 = {
			isa = PBXGroup;
			children = (
				9293041128AEDE0D009C5370 /* Comments.txt */,
				9290FBCB28AC2BF600A5BB50 /* AppTVFinal */,
				9290FBCA28AC2BF600A5BB50 /* Products */,
			);
			sourceTree = "<group>";
		};
		9290FBCA28AC2BF600A5BB50 /* Products */ = {
			isa = PBXGroup;
			children = (
				9290FBC928AC2BF600A5BB50 /* AppTVFinal.app */,
			);
			name = Products;
			sourceTree = "<group>";
		};
		9290FBCB28AC2BF600A5BB50 /* AppTVFinal */ = {
			isa = PBXGroup;
			children = (
				9293039D28AEA37E009C5370 /* Controller */,
				9293039C28AEA354009C5370 /* Model */,
				9290FBCC28AC2BF600A5BB50 /* AppDelegate.swift */,
				9290FBCE28AC2BF600A5BB50 /* SceneDelegate.swift */,
				9295FC5628AD3D3D00A12108 /* DatabaseHandler.swift */,
				9290FBD228AC2BF600A5BB50 /* Main.storyboard */,
				9290FBDA28AC2BF800A5BB50 /* LaunchScreen.storyboard */,
				9290FBDD28AC2BF800A5BB50 /* Info.plist */,
				9290FBD528AC2BF600A5BB50 /* AppTVFinal.xcdatamodeld */,
				9293039E28AEC24C009C5370 /* Assets.xcassets */,
				9201266F28AC58AC00E8258A /* CeldaProgramaTableViewCell.swift */,
				9201267028AC58AC00E8258A /* CeldaProgramaTableViewCell.xib */,
				9295FC5828AD62E400A12108 /* ApiHandler.swift */,
			);
			path = AppTVFinal;
			sourceTree = "<group>";
		};
		9293039C28AEA354009C5370 /* Model */ = {
			isa = PBXGroup;
			children = (
				9295FC5428AD3C5F00A12108 /* User.swift */,
				9201267528AC706000E8258A /* Programa.swift */,
				9295FC5A28AD69F200A12108 /* userModelServer.swift */,
				9290FBE328AC2C0800A5BB50 /* Shows.swift */,
			);
			path = Model;
			sourceTree = "<group>";
		};
		9293039D28AEA37E009C5370 /* Controller */ = {
			isa = PBXGroup;
			children = (
				9295FC5228AD390D00A12108 /* FavoritosViewController.swift */,
				9201267328AC6B8800E8258A /* DetailViewController.swift */,
				9290FBD028AC2BF600A5BB50 /* ListViewViewController.swift */,
			);
			path = Controller;
			sourceTree = "<group>";
		};
/* End PBXGroup section */

/* Begin PBXNativeTarget section */
		9290FBC828AC2BF600A5BB50 /* AppTVFinal */ = {
			isa = PBXNativeTarget;
			buildConfigurationList = 9290FBE028AC2BF800A5BB50 /* Build configuration list for PBXNativeTarget "AppTVFinal" */;
			buildPhases = (
				9290FBC528AC2BF600A5BB50 /* Sources */,
				9290FBC628AC2BF600A5BB50 /* Frameworks */,
				9290FBC728AC2BF600A5BB50 /* Resources */,
			);
			buildRules = (
			);
			dependencies = (
			);
			name = AppTVFinal;
			productName = AppTVFinal;
			productReference = 9290FBC928AC2BF600A5BB50 /* AppTVFinal.app */;
			productType = "com.apple.product-type.application";
		};
/* End PBXNativeTarget section */

/* Begin PBXProject section */
		9290FBC128AC2BF600A5BB50 /* Project object */ = {
			isa = PBXProject;
			attributes = {
				BuildIndependentTargetsInParallel = 1;
				LastSwiftUpdateCheck = 1340;
				LastUpgradeCheck = 1340;
				TargetAttributes = {
					9290FBC828AC2BF600A5BB50 = {
						CreatedOnToolsVersion = 13.4.1;
					};
				};
			};
			buildConfigurationList = 9290FBC428AC2BF600A5BB50 /* Build configuration list for PBXProject "AppTVFinal" */;
			compatibilityVersion = "Xcode 13.0";
			developmentRegion = en;
			hasScannedForEncodings = 0;
			knownRegions = (
				en,
				Base,
			);
			mainGroup = 9290FBC028AC2BF600A5BB50;
			productRefGroup = 9290FBCA28AC2BF600A5BB50 /* Products */;
			projectDirPath = "";
			projectRoot = "";
			targets = (
				9290FBC828AC2BF600A5BB50 /* AppTVFinal */,
			);
		};
/* End PBXProject section */

/* Begin PBXResourcesBuildPhase section */
		9290FBC728AC2BF600A5BB50 /* Resources */ = {
			isa = PBXResourcesBuildPhase;
			buildActionMask = 2147483647;
			files = (
				9201267228AC58AC00E8258A /* CeldaProgramaTableViewCell.xib in Resources */,
				9290FBDC28AC2BF800A5BB50 /* LaunchScreen.storyboard in Resources */,
				9293039F28AEC24C009C5370 /* Assets.xcassets in Resources */,
				9293041228AEDE0D009C5370 /* Comments.txt in Resources */,
				9290FBD428AC2BF600A5BB50 /* Main.storyboard in Resources */,
			);
			runOnlyForDeploymentPostprocessing = 0;
		};
/* End PBXResourcesBuildPhase section */

/* Begin PBXSourcesBuildPhase section */
		9290FBC528AC2BF600A5BB50 /* Sources */ = {
			isa = PBXSourcesBuildPhase;
			buildActionMask = 2147483647;
			files = (
				9290FBD728AC2BF600A5BB50 /* AppTVFinal.xcdatamodeld in Sources */,
				9290FBD128AC2BF600A5BB50 /* ListViewViewController.swift in Sources */,
				9201267628AC706000E8258A /* Programa.swift in Sources */,
				9201267128AC58AC00E8258A /* CeldaProgramaTableViewCell.swift in Sources */,
				9295FC5728AD3D3D00A12108 /* DatabaseHandler.swift in Sources */,
				9295FC5B28AD69F200A12108 /* userModelServer.swift in Sources */,
				9290FBE428AC2C0800A5BB50 /* Shows.swift in Sources */,
				9290FBCD28AC2BF600A5BB50 /* AppDelegate.swift in Sources */,
				9295FC5928AD62E400A12108 /* ApiHandler.swift in Sources */,
				9290FBCF28AC2BF600A5BB50 /* SceneDelegate.swift in Sources */,
				9201267428AC6B8800E8258A /* DetailViewController.swift in Sources */,
				9295FC5528AD3C5F00A12108 /* User.swift in Sources */,
				9295FC5328AD390D00A12108 /* FavoritosViewController.swift in Sources */,
			);
			runOnlyForDeploymentPostprocessing = 0;
		};
/* End PBXSourcesBuildPhase section */

/* Begin PBXVariantGroup section */
		9290FBD228AC2BF600A5BB50 /* Main.storyboard */ = {
			isa = PBXVariantGroup;
			children = (
				9290FBD328AC2BF600A5BB50 /* Base */,
			);
			name = Main.storyboard;
			sourceTree = "<group>";
		};
		9290FBDA28AC2BF800A5BB50 /* LaunchScreen.storyboard */ = {
			isa = PBXVariantGroup;
			children = (
				9290FBDB28AC2BF800A5BB50 /* Base */,
			);
			name = LaunchScreen.storyboard;
			sourceTree = "<group>";
		};
/* End PBXVariantGroup section */

/* Begin XCBuildConfiguration section */
		9290FBDE28AC2BF800A5BB50 /* Debug */ = {
			isa = XCBuildConfiguration;
			buildSettings = {
				ALWAYS_SEARCH_USER_PATHS = NO;
				CLANG_ANALYZER_NONNULL = YES;
				CLANG_ANALYZER_NUMBER_OBJECT_CONVERSION = YES_AGGRESSIVE;
				CLANG_CXX_LANGUAGE_STANDARD = "gnu++17";
				CLANG_ENABLE_MODULES = YES;
				CLANG_ENABLE_OBJC_ARC = YES;
				CLANG_ENABLE_OBJC_WEAK = YES;
				CLANG_WARN_BLOCK_CAPTURE_AUTORELEASING = YES;
				CLANG_WARN_BOOL_CONVERSION = YES;
				CLANG_WARN_COMMA = YES;
				CLANG_WARN_CONSTANT_CONVERSION = YES;
				CLANG_WARN_DEPRECATED_OBJC_IMPLEMENTATIONS = YES;
				CLANG_WARN_DIRECT_OBJC_ISA_USAGE = YES_ERROR;
				CLANG_WARN_DOCUMENTATION_COMMENTS = YES;
				CLANG_WARN_EMPTY_BODY = YES;
				CLANG_WARN_ENUM_CONVERSION = YES;
				CLANG_WARN_INFINITE_RECURSION = YES;
				CLANG_WARN_INT_CONVERSION = YES;
				CLANG_WARN_NON_LITERAL_NULL_CONVERSION = YES;
				CLANG_WARN_OBJC_IMPLICIT_RETAIN_SELF = YES;
				CLANG_WARN_OBJC_LITERAL_CONVERSION = YES;
				CLANG_WARN_OBJC_ROOT_CLASS = YES_ERROR;
				CLANG_WARN_QUOTED_INCLUDE_IN_FRAMEWORK_HEADER = YES;
				CLANG_WARN_RANGE_LOOP_ANALYSIS = YES;
				CLANG_WARN_STRICT_PROTOTYPES = YES;
				CLANG_WARN_SUSPICIOUS_MOVE = YES;
				CLANG_WARN_UNGUARDED_AVAILABILITY = YES_AGGRESSIVE;
				CLANG_WARN_UNREACHABLE_CODE = YES;
				CLANG_WARN__DUPLICATE_METHOD_MATCH = YES;
				COPY_PHASE_STRIP = NO;
				DEBUG_INFORMATION_FORMAT = dwarf;
				ENABLE_STRICT_OBJC_MSGSEND = YES;
				ENABLE_TESTABILITY = YES;
				GCC_C_LANGUAGE_STANDARD = gnu11;
				GCC_DYNAMIC_NO_PIC = NO;
				GCC_NO_COMMON_BLOCKS = YES;
				GCC_OPTIMIZATION_LEVEL = 0;
				GCC_PREPROCESSOR_DEFINITIONS = (
					"DEBUG=1",
					"$(inherited)",
				);
				GCC_WARN_64_TO_32_BIT_CONVERSION = YES;
				GCC_WARN_ABOUT_RETURN_TYPE = YES_ERROR;
				GCC_WARN_UNDECLARED_SELECTOR = YES;
				GCC_WARN_UNINITIALIZED_AUTOS = YES_AGGRESSIVE;
				GCC_WARN_UNUSED_FUNCTION = YES;
				GCC_WARN_UNUSED_VARIABLE = YES;
				IPHONEOS_DEPLOYMENT_TARGET = 15.5;
				MTL_ENABLE_DEBUG_INFO = INCLUDE_SOURCE;
				MTL_FAST_MATH = YES;
				ONLY_ACTIVE_ARCH = YES;
				SDKROOT = iphoneos;
				SWIFT_ACTIVE_COMPILATION_CONDITIONS = DEBUG;
				SWIFT_OPTIMIZATION_LEVEL = "-Onone";
			};
			name = Debug;
		};
		9290FBDF28AC2BF800A5BB50 /* Release */ = {
			isa = XCBuildConfiguration;
			buildSettings = {
				ALWAYS_SEARCH_USER_PATHS = NO;
				CLANG_ANALYZER_NONNULL = YES;
				CLANG_ANALYZER_NUMBER_OBJECT_CONVERSION = YES_AGGRESSIVE;
				CLANG_CXX_LANGUAGE_STANDARD = "gnu++17";
				CLANG_ENABLE_MODULES = YES;
				CLANG_ENABLE_OBJC_ARC = YES;
				CLANG_ENABLE_OBJC_WEAK = YES;
				CLANG_WARN_BLOCK_CAPTURE_AUTORELEASING = YES;
				CLANG_WARN_BOOL_CONVERSION = YES;
				CLANG_WARN_COMMA = YES;
				CLANG_WARN_CONSTANT_CONVERSION = YES;
				CLANG_WARN_DEPRECATED_OBJC_IMPLEMENTATIONS = YES;
				CLANG_WARN_DIRECT_OBJC_ISA_USAGE = YES_ERROR;
				CLANG_WARN_DOCUMENTATION_COMMENTS = YES;
				CLANG_WARN_EMPTY_BODY = YES;
				CLANG_WARN_ENUM_CONVERSION = YES;
				CLANG_WARN_INFINITE_RECURSION = YES;
				CLANG_WARN_INT_CONVERSION = YES;
				CLANG_WARN_NON_LITERAL_NULL_CONVERSION = YES;
				CLANG_WARN_OBJC_IMPLICIT_RETAIN_SELF = YES;
				CLANG_WARN_OBJC_LITERAL_CONVERSION = YES;
				CLANG_WARN_OBJC_ROOT_CLASS = YES_ERROR;
				CLANG_WARN_QUOTED_INCLUDE_IN_FRAMEWORK_HEADER = YES;
				CLANG_WARN_RANGE_LOOP_ANALYSIS = YES;
				CLANG_WARN_STRICT_PROTOTYPES = YES;
				CLANG_WARN_SUSPICIOUS_MOVE = YES;
				CLANG_WARN_UNGUARDED_AVAILABILITY = YES_AGGRESSIVE;
				CLANG_WARN_UNREACHABLE_CODE = YES;
				CLANG_WARN__DUPLICATE_METHOD_MATCH = YES;
				COPY_PHASE_STRIP = NO;
				DEBUG_INFORMATION_FORMAT = "dwarf-with-dsym";
				ENABLE_NS_ASSERTIONS = NO;
				ENABLE_STRICT_OBJC_MSGSEND = YES;
				GCC_C_LANGUAGE_STANDARD = gnu11;
				GCC_NO_COMMON_BLOCKS = YES;
				GCC_WARN_64_TO_32_BIT_CONVERSION = YES;
				GCC_WARN_ABOUT_RETURN_TYPE = YES_ERROR;
				GCC_WARN_UNDECLARED_SELECTOR = YES;
				GCC_WARN_UNINITIALIZED_AUTOS = YES_AGGRESSIVE;
				GCC_WARN_UNUSED_FUNCTION = YES;
				GCC_WARN_UNUSED_VARIABLE = YES;
				IPHONEOS_DEPLOYMENT_TARGET = 15.5;
				MTL_ENABLE_DEBUG_INFO = NO;
				MTL_FAST_MATH = YES;
				SDKROOT = iphoneos;
				SWIFT_COMPILATION_MODE = wholemodule;
				SWIFT_OPTIMIZATION_LEVEL = "-O";
				VALIDATE_PRODUCT = YES;
			};
			name = Release;
		};
		9290FBE128AC2BF800A5BB50 /* Debug */ = {
			isa = XCBuildConfiguration;
			buildSettings = {
				ASSETCATALOG_COMPILER_APPICON_NAME = AppIcon;
				ASSETCATALOG_COMPILER_GLOBAL_ACCENT_COLOR_NAME = AccentColor;
				CODE_SIGN_STYLE = Automatic;
				CURRENT_PROJECT_VERSION = 1;
				DEVELOPMENT_TEAM = 6284MS6QRS;
				GENERATE_INFOPLIST_FILE = YES;
				INFOPLIST_FILE = AppTVFinal/Info.plist;
				INFOPLIST_KEY_UIApplicationSupportsIndirectInputEvents = YES;
				INFOPLIST_KEY_UILaunchStoryboardName = LaunchScreen;
				INFOPLIST_KEY_UIMainStoryboardFile = Main;
				INFOPLIST_KEY_UISupportedInterfaceOrientations_iPad = "UIInterfaceOrientationPortrait UIInterfaceOrientationPortraitUpsideDown UIInterfaceOrientationLandscapeLeft UIInterfaceOrientationLandscapeRight";
				INFOPLIST_KEY_UISupportedInterfaceOrientations_iPhone = "UIInterfaceOrientationPortrait UIInterfaceOrientationLandscapeLeft UIInterfaceOrientationLandscapeRight";
				LD_RUNPATH_SEARCH_PATHS = (
					"$(inherited)",
					"@executable_path/Frameworks",
				);
				MARKETING_VERSION = 1.0;
				PRODUCT_BUNDLE_IDENTIFIER = com.Omar.AppTVFinal;
				PRODUCT_NAME = "$(TARGET_NAME)";
				SWIFT_EMIT_LOC_STRINGS = YES;
				SWIFT_VERSION = 5.0;
				TARGETED_DEVICE_FAMILY = "1,2";
			};
			name = Debug;
		};
		9290FBE228AC2BF800A5BB50 /* Release */ = {
			isa = XCBuildConfiguration;
			buildSettings = {
				ASSETCATALOG_COMPILER_APPICON_NAME = AppIcon;
				ASSETCATALOG_COMPILER_GLOBAL_ACCENT_COLOR_NAME = AccentColor;
				CODE_SIGN_STYLE = Automatic;
				CURRENT_PROJECT_VERSION = 1;
				DEVELOPMENT_TEAM = 6284MS6QRS;
				GENERATE_INFOPLIST_FILE = YES;
				INFOPLIST_FILE = AppTVFinal/Info.plist;
				INFOPLIST_KEY_UIApplicationSupportsIndirectInputEvents = YES;
				INFOPLIST_KEY_UILaunchStoryboardName = LaunchScreen;
				INFOPLIST_KEY_UIMainStoryboardFile = Main;
				INFOPLIST_KEY_UISupportedInterfaceOrientations_iPad = "UIInterfaceOrientationPortrait UIInterfaceOrientationPortraitUpsideDown UIInterfaceOrientationLandscapeLeft UIInterfaceOrientationLandscapeRight";
				INFOPLIST_KEY_UISupportedInterfaceOrientations_iPhone = "UIInterfaceOrientationPortrait UIInterfaceOrientationLandscapeLeft UIInterfaceOrientationLandscapeRight";
				LD_RUNPATH_SEARCH_PATHS = (
					"$(inherited)",
					"@executable_path/Frameworks",
				);
				MARKETING_VERSION = 1.0;
				PRODUCT_BUNDLE_IDENTIFIER = com.Omar.AppTVFinal;
				PRODUCT_NAME = "$(TARGET_NAME)";
				SWIFT_EMIT_LOC_STRINGS = YES;
				SWIFT_VERSION = 5.0;
				TARGETED_DEVICE_FAMILY = "1,2";
			};
			name = Release;
		};
/* End XCBuildConfiguration section */

/* Begin XCConfigurationList section */
		9290FBC428AC2BF600A5BB50 /* Build configuration list for PBXProject "AppTVFinal" */ = {
			isa = XCConfigurationList;
			buildConfigurations = (
				9290FBDE28AC2BF800A5BB50 /* Debug */,
				9290FBDF28AC2BF800A5BB50 /* Release */,
			);
			defaultConfigurationIsVisible = 0;
			defaultConfigurationName = Release;
		};
		9290FBE028AC2BF800A5BB50 /* Build configuration list for PBXNativeTarget "AppTVFinal" */ = {
			isa = XCConfigurationList;
			buildConfigurations = (
				9290FBE128AC2BF800A5BB50 /* Debug */,
				9290FBE228AC2BF800A5BB50 /* Release */,
			);
			defaultConfigurationIsVisible = 0;
			defaultConfigurationName = Release;
		};
/* End XCConfigurationList section */

/* Begin XCVersionGroup section */
		9290FBD528AC2BF600A5BB50 /* AppTVFinal.xcdatamodeld */ = {
			isa = XCVersionGroup;
			children = (
				9290FBD628AC2BF600A5BB50 /* AppTVFinal.xcdatamodel */,
			);
			currentVersion = 9290FBD628AC2BF600A5BB50 /* AppTVFinal.xcdatamodel */;
			path = AppTVFinal.xcdatamodeld;
			sourceTree = "<group>";
			versionGroupType = wrapper.xcdatamodel;
		};
/* End XCVersionGroup section */
	};
	rootObject = 9290FBC128AC2BF600A5BB50 /* Project object */;
}
